
Microsoft Visual Studio Solution File, Format Version 12.00
# Visual Studio Version 17
VisualStudioVersion = 17.2.32630.192
MinimumVisualStudioVersion = 10.0.40219.1
Project("{FAE04EC0-301F-11D3-BF4B-00C04F79EFBC}") = "ApiPokemon", "ApiPokemon\ApiPokemon.csproj", "{B5F04F94-A5CA-4AEC-A5A6-4D14A8BCBBCA}"
EndProject
Global
	GlobalSection(SolutionConfigurationPlatforms) = preSolution
		Debug|Any CPU = Debug|Any CPU
		Release|Any CPU = Release|Any CPU
	EndGlobalSection
	GlobalSection(ProjectConfigurationPlatforms) = postSolution
		{B5F04F94-A5CA-4AEC-A5A6-4D14A8BCBBCA}.Debug|Any CPU.ActiveCfg = Debug|Any CPU
		{B5F04F94-A5CA-4AEC-A5A6-4D14A8BCBBCA}.Debug|Any CPU.Build.0 = Debug|Any CPU
		{B5F04F94-A5CA-4AEC-A5A6-4D14A8BCBBCA}.Release|Any CPU.ActiveCfg = Release|Any CPU
		{B5F04F94-A5CA-4AEC-A5A6-4D14A8BCBBCA}.Release|Any CPU.Build.0 = Release|Any CPU
	EndGlobalSection
	GlobalSection(SolutionProperties) = preSolution
		HideSolutionNode = FALSE
	EndGlobalSection
	GlobalSection(ExtensibilityGlobals) = postSolution
		SolutionGuid = {AC0C46D2-3A1C-4A32-B9C7-777DE2199537}
	EndGlobalSection
EndGlobal
